
Microsoft Visual Studio Solution File, Format Version 12.00
# Visual Studio Version 16
VisualStudioVersion = 16.0.30611.23
MinimumVisualStudioVersion = 10.0.40219.1
Project("{FAE04EC0-301F-11D3-BF4B-00C04F79EFBC}") = "bai5", "bai5\bai5.csproj", "{8CDCDFDB-A5AC-4539-83D0-DFEEAD0BF2D6}"
EndProject
Global
	GlobalSection(SolutionConfigurationPlatforms) = preSolution
		Debug|Any CPU = Debug|Any CPU
		Release|Any CPU = Release|Any CPU
	EndGlobalSection
	GlobalSection(ProjectConfigurationPlatforms) = postSolution
		{8CDCDFDB-A5AC-4539-83D0-DFEEAD0BF2D6}.Debug|Any CPU.ActiveCfg = Debug|Any CPU
		{8CDCDFDB-A5AC-4539-83D0-DFEEAD0BF2D6}.Debug|Any CPU.Build.0 = Debug|Any CPU
		{8CDCDFDB-A5AC-4539-83D0-DFEEAD0BF2D6}.Release|Any CPU.ActiveCfg = Release|Any CPU
		{8CDCDFDB-A5AC-4539-83D0-DFEEAD0BF2D6}.Release|Any CPU.Build.0 = Release|Any CPU
	EndGlobalSection
	GlobalSection(SolutionProperties) = preSolution
		HideSolutionNode = FALSE
	EndGlobalSection
	GlobalSection(ExtensibilityGlobals) = postSolution
		SolutionGuid = {EA5277A3-B208-4AEB-9685-E8707EA1BA03}
	EndGlobalSection
EndGlobal
